
Microsoft Visual Studio Solution File, Format Version 11.00
# Visual C# Express 2010
Project("{FAE04EC0-301F-11D3-BF4B-00C04F79EFBC}") = "Opt.ClosenessModel.WFAT", "Opt.ClosenessModel.WFAT\Opt.ClosenessModel.WFAT.csproj", "{DE5AECC7-5BED-4D0F-A9AC-09FFD944B5DA}"
EndProject
Global
	GlobalSection(SolutionConfigurationPlatforms) = preSolution
		Debug|x86 = Debug|x86
		Release|x86 = Release|x86
	EndGlobalSection
	GlobalSection(ProjectConfigurationPlatforms) = postSolution
		{DE5AECC7-5BED-4D0F-A9AC-09FFD944B5DA}.Debug|x86.ActiveCfg = Debug|x86
		{DE5AECC7-5BED-4D0F-A9AC-09FFD944B5DA}.Debug|x86.Build.0 = Debug|x86
		{DE5AECC7-5BED-4D0F-A9AC-09FFD944B5DA}.Release|x86.ActiveCfg = Release|x86
		{DE5AECC7-5BED-4D0F-A9AC-09FFD944B5DA}.Release|x86.Build.0 = Release|x86
	EndGlobalSection
	GlobalSection(SolutionProperties) = preSolution
		HideSolutionNode = FALSE
	EndGlobalSection
EndGlobal
